
Microsoft Visual Studio Solution File, Format Version 12.00
# Visual Studio Version 17
VisualStudioVersion = 17.9.34728.123
MinimumVisualStudioVersion = 10.0.40219.1
Project("{FAE04EC0-301F-11D3-BF4B-00C04F79EFBC}") = "UnoApp12", "UnoApp12\UnoApp12.csproj", "{73FA17E9-1BA4-4C40-8C32-C2A0AA252E60}"
EndProject
Project("{2150E333-8FDC-42A3-9474-1A3956D46DE8}") = "Solution Items", "Solution Items", "{C1B01284-F5FC-488E-8C6D-D3ED92492ECA}"
	ProjectSection(SolutionItems) = preProject
		.gitignore = .gitignore
		Directory.Build.props = Directory.Build.props
		Directory.Build.targets = Directory.Build.targets
		Directory.Packages.props = Directory.Packages.props
		global.json = global.json
	EndProjectSection
EndProject
Global
	GlobalSection(SolutionConfigurationPlatforms) = preSolution
		Debug|Any CPU = Debug|Any CPU
		Release|Any CPU = Release|Any CPU
	EndGlobalSection
	GlobalSection(ProjectConfigurationPlatforms) = postSolution
		{73FA17E9-1BA4-4C40-8C32-C2A0AA252E60}.Debug|Any CPU.ActiveCfg = Debug|Any CPU
		{73FA17E9-1BA4-4C40-8C32-C2A0AA252E60}.Debug|Any CPU.Build.0 = Debug|Any CPU
		{73FA17E9-1BA4-4C40-8C32-C2A0AA252E60}.Debug|Any CPU.Deploy.0 = Debug|Any CPU
		{73FA17E9-1BA4-4C40-8C32-C2A0AA252E60}.Release|Any CPU.ActiveCfg = Release|Any CPU
		{73FA17E9-1BA4-4C40-8C32-C2A0AA252E60}.Release|Any CPU.Build.0 = Release|Any CPU
		{73FA17E9-1BA4-4C40-8C32-C2A0AA252E60}.Release|Any CPU.Deploy.0 = Release|Any CPU
	EndGlobalSection
	GlobalSection(SolutionProperties) = preSolution
		HideSolutionNode = FALSE
	EndGlobalSection
	GlobalSection(ExtensibilityGlobals) = postSolution
		SolutionGuid = {3C8E594F-56E6-472C-8F9E-FB725E26260E}
	EndGlobalSection
EndGlobal
